
Microsoft Visual Studio Solution File, Format Version 12.00
# Visual Studio 15
VisualStudioVersion = 15.0.26124.0
MinimumVisualStudioVersion = 15.0.26124.0
Project("{2150E333-8FDC-42A3-9474-1A3956D46DE8}") = "src", "src", "{E4848DA3-A61C-4A50-95A1-D95930BB924A}"
EndProject
Project("{FAE04EC0-301F-11D3-BF4B-00C04F79EFBC}") = "Lab1.ConsoleApp", "src\Lab1.ConsoleApp\Lab1.ConsoleApp.csproj", "{DF099256-F80B-48D1-B9A3-B1EA7DA2BD35}"
EndProject
Project("{2150E333-8FDC-42A3-9474-1A3956D46DE8}") = "test", "test", "{73041CD6-578B-4B56-B1AF-7A15C034DB22}"
EndProject
Project("{FAE04EC0-301F-11D3-BF4B-00C04F79EFBC}") = "Lab1.Tests", "test\Lab1.Tests\Lab1.Tests.csproj", "{AADFEEC1-176C-4B8A-A29F-C37D937663E5}"
EndProject
Global
	GlobalSection(SolutionConfigurationPlatforms) = preSolution
		Debug|Any CPU = Debug|Any CPU
		Debug|x64 = Debug|x64
		Debug|x86 = Debug|x86
		Release|Any CPU = Release|Any CPU
		Release|x64 = Release|x64
		Release|x86 = Release|x86
	EndGlobalSection
	GlobalSection(SolutionProperties) = preSolution
		HideSolutionNode = FALSE
	EndGlobalSection
	GlobalSection(ProjectConfigurationPlatforms) = postSolution
		{DF099256-F80B-48D1-B9A3-B1EA7DA2BD35}.Debug|Any CPU.ActiveCfg = Debug|Any CPU
		{DF099256-F80B-48D1-B9A3-B1EA7DA2BD35}.Debug|Any CPU.Build.0 = Debug|Any CPU
		{DF099256-F80B-48D1-B9A3-B1EA7DA2BD35}.Debug|x64.ActiveCfg = Debug|Any CPU
		{DF099256-F80B-48D1-B9A3-B1EA7DA2BD35}.Debug|x64.Build.0 = Debug|Any CPU
		{DF099256-F80B-48D1-B9A3-B1EA7DA2BD35}.Debug|x86.ActiveCfg = Debug|Any CPU
		{DF099256-F80B-48D1-B9A3-B1EA7DA2BD35}.Debug|x86.Build.0 = Debug|Any CPU
		{DF099256-F80B-48D1-B9A3-B1EA7DA2BD35}.Release|Any CPU.ActiveCfg = Release|Any CPU
		{DF099256-F80B-48D1-B9A3-B1EA7DA2BD35}.Release|Any CPU.Build.0 = Release|Any CPU
		{DF099256-F80B-48D1-B9A3-B1EA7DA2BD35}.Release|x64.ActiveCfg = Release|Any CPU
		{DF099256-F80B-48D1-B9A3-B1EA7DA2BD35}.Release|x64.Build.0 = Release|Any CPU
		{DF099256-F80B-48D1-B9A3-B1EA7DA2BD35}.Release|x86.ActiveCfg = Release|Any CPU
		{DF099256-F80B-48D1-B9A3-B1EA7DA2BD35}.Release|x86.Build.0 = Release|Any CPU
		{AADFEEC1-176C-4B8A-A29F-C37D937663E5}.Debug|Any CPU.ActiveCfg = Debug|Any CPU
		{AADFEEC1-176C-4B8A-A29F-C37D937663E5}.Debug|Any CPU.Build.0 = Debug|Any CPU
		{AADFEEC1-176C-4B8A-A29F-C37D937663E5}.Debug|x64.ActiveCfg = Debug|Any CPU
		{AADFEEC1-176C-4B8A-A29F-C37D937663E5}.Debug|x64.Build.0 = Debug|Any CPU
		{AADFEEC1-176C-4B8A-A29F-C37D937663E5}.Debug|x86.ActiveCfg = Debug|Any CPU
		{AADFEEC1-176C-4B8A-A29F-C37D937663E5}.Debug|x86.Build.0 = Debug|Any CPU
		{AADFEEC1-176C-4B8A-A29F-C37D937663E5}.Release|Any CPU.ActiveCfg = Release|Any CPU
		{AADFEEC1-176C-4B8A-A29F-C37D937663E5}.Release|Any CPU.Build.0 = Release|Any CPU
		{AADFEEC1-176C-4B8A-A29F-C37D937663E5}.Release|x64.ActiveCfg = Release|Any CPU
		{AADFEEC1-176C-4B8A-A29F-C37D937663E5}.Release|x64.Build.0 = Release|Any CPU
		{AADFEEC1-176C-4B8A-A29F-C37D937663E5}.Release|x86.ActiveCfg = Release|Any CPU
		{AADFEEC1-176C-4B8A-A29F-C37D937663E5}.Release|x86.Build.0 = Release|Any CPU
	EndGlobalSection
	GlobalSection(NestedProjects) = preSolution
		{DF099256-F80B-48D1-B9A3-B1EA7DA2BD35} = {E4848DA3-A61C-4A50-95A1-D95930BB924A}
		{AADFEEC1-176C-4B8A-A29F-C37D937663E5} = {73041CD6-578B-4B56-B1AF-7A15C034DB22}
	EndGlobalSection
EndGlobal
